// !$*UTF8*$!
{
	archiveVersion = 1;
	classes = {
	};
	objectVersion = 56;
	objects = {

/* Begin PBXBuildFile section */
		395BE3CD298BBA0400DCD96C /* AppDelegate.swift in Sources */ = {isa = PBXBuildFile; fileRef = 395BE3CC298BBA0400DCD96C /* AppDelegate.swift */; };
		395BE3CF298BBA0400DCD96C /* SceneDelegate.swift in Sources */ = {isa = PBXBuildFile; fileRef = 395BE3CE298BBA0400DCD96C /* SceneDelegate.swift */; };
		395BE3D1298BBA0400DCD96C /* NotesViewController.swift in Sources */ = {isa = PBXBuildFile; fileRef = 395BE3D0298BBA0400DCD96C /* NotesViewController.swift */; };
		395BE3D7298BBA0400DCD96C /* Notes.xcdatamodeld in Sources */ = {isa = PBXBuildFile; fileRef = 395BE3D5298BBA0400DCD96C /* Notes.xcdatamodeld */; };
		395BE3D9298BBA0500DCD96C /* Assets.xcassets in Resources */ = {isa = PBXBuildFile; fileRef = 395BE3D8298BBA0500DCD96C /* Assets.xcassets */; };
		395BE3DC298BBA0500DCD96C /* LaunchScreen.storyboard in Resources */ = {isa = PBXBuildFile; fileRef = 395BE3DA298BBA0500DCD96C /* LaunchScreen.storyboard */; };
		395BE3EA298BC19000DCD96C /* CompositionalLayoutHelpers.swift in Sources */ = {isa = PBXBuildFile; fileRef = 395BE3E9298BC19000DCD96C /* CompositionalLayoutHelpers.swift */; };
		395BE3EC298BC1F900DCD96C /* Extensions.swift in Sources */ = {isa = PBXBuildFile; fileRef = 395BE3EB298BC1F900DCD96C /* Extensions.swift */; };
		395BE3EE298BC27300DCD96C /* NotesView.swift in Sources */ = {isa = PBXBuildFile; fileRef = 395BE3ED298BC27300DCD96C /* NotesView.swift */; };
		395BE3F0298BC30200DCD96C /* NotesViewViewModel.swift in Sources */ = {isa = PBXBuildFile; fileRef = 395BE3EF298BC30200DCD96C /* NotesViewViewModel.swift */; };
		395BE3F3298BD35300DCD96C /* NotesCollectionViewCell.swift in Sources */ = {isa = PBXBuildFile; fileRef = 395BE3F2298BD35300DCD96C /* NotesCollectionViewCell.swift */; };
		395BE3F5298BD45C00DCD96C /* DefaultUIClasses.swift in Sources */ = {isa = PBXBuildFile; fileRef = 395BE3F4298BD45C00DCD96C /* DefaultUIClasses.swift */; };
		395BE3F7298BD72B00DCD96C /* NoteDetailViewController.swift in Sources */ = {isa = PBXBuildFile; fileRef = 395BE3F6298BD72B00DCD96C /* NoteDetailViewController.swift */; };
		395BE3FB298BD78F00DCD96C /* NoteDetailView.swift in Sources */ = {isa = PBXBuildFile; fileRef = 395BE3FA298BD78F00DCD96C /* NoteDetailView.swift */; };
		395BE3FE298BD83400DCD96C /* NoteDetailViewViewModel.swift in Sources */ = {isa = PBXBuildFile; fileRef = 395BE3FD298BD83400DCD96C /* NoteDetailViewViewModel.swift */; };
		395BE400298C099600DCD96C /* NoteTextModel.swift in Sources */ = {isa = PBXBuildFile; fileRef = 395BE3FF298C099600DCD96C /* NoteTextModel.swift */; };
		395BE402298D0BC900DCD96C /* UserDefaultsManager.swift in Sources */ = {isa = PBXBuildFile; fileRef = 395BE401298D0BC900DCD96C /* UserDefaultsManager.swift */; };
		395BE404298E7B5A00DCD96C /* CustomDate.swift in Sources */ = {isa = PBXBuildFile; fileRef = 395BE403298E7B5A00DCD96C /* CustomDate.swift */; };
		395BE408298FB59E00DCD96C /* ChangeFontViewController.swift in Sources */ = {isa = PBXBuildFile; fileRef = 395BE407298FB59E00DCD96C /* ChangeFontViewController.swift */; };
		395BE40A298FBB7A00DCD96C /* ChangeSizeViewController.swift in Sources */ = {isa = PBXBuildFile; fileRef = 395BE409298FBB7A00DCD96C /* ChangeSizeViewController.swift */; };
		395BE40D298FBC6600DCD96C /* ChangeFontView.swift in Sources */ = {isa = PBXBuildFile; fileRef = 395BE40C298FBC6600DCD96C /* ChangeFontView.swift */; };
		395BE410298FBD1D00DCD96C /* ChangeFontViewViewModel.swift in Sources */ = {isa = PBXBuildFile; fileRef = 395BE40F298FBD1D00DCD96C /* ChangeFontViewViewModel.swift */; };
		395BE4122990FF7600DCD96C /* ChangeSizeView.swift in Sources */ = {isa = PBXBuildFile; fileRef = 395BE4112990FF7600DCD96C /* ChangeSizeView.swift */; };
		395BE4142991023400DCD96C /* ChangeSizeViewViewModel.swift in Sources */ = {isa = PBXBuildFile; fileRef = 395BE4132991023400DCD96C /* ChangeSizeViewViewModel.swift */; };
		395BE416299145FA00DCD96C /* ChangeParametersViewController.swift in Sources */ = {isa = PBXBuildFile; fileRef = 395BE415299145FA00DCD96C /* ChangeParametersViewController.swift */; };
		395BE4182991461B00DCD96C /* ChangeParametersView.swift in Sources */ = {isa = PBXBuildFile; fileRef = 395BE4172991461B00DCD96C /* ChangeParametersView.swift */; };
		395BE41A2991462400DCD96C /* ChangeParametersViewViewModel.swift in Sources */ = {isa = PBXBuildFile; fileRef = 395BE4192991462400DCD96C /* ChangeParametersViewViewModel.swift */; };
/* End PBXBuildFile section */

/* Begin PBXFileReference section */
		395BE3C9298BBA0400DCD96C /* Notes.app */ = {isa = PBXFileReference; explicitFileType = wrapper.application; includeInIndex = 0; path = Notes.app; sourceTree = BUILT_PRODUCTS_DIR; };
		395BE3CC298BBA0400DCD96C /* AppDelegate.swift */ = {isa = PBXFileReference; lastKnownFileType = sourcecode.swift; path = AppDelegate.swift; sourceTree = "<group>"; };
		395BE3CE298BBA0400DCD96C /* SceneDelegate.swift */ = {isa = PBXFileReference; lastKnownFileType = sourcecode.swift; path = SceneDelegate.swift; sourceTree = "<group>"; };
		395BE3D0298BBA0400DCD96C /* NotesViewController.swift */ = {isa = PBXFileReference; lastKnownFileType = sourcecode.swift; path = NotesViewController.swift; sourceTree = "<group>"; };
		395BE3D6298BBA0400DCD96C /* Notes.xcdatamodel */ = {isa = PBXFileReference; lastKnownFileType = wrapper.xcdatamodel; path = Notes.xcdatamodel; sourceTree = "<group>"; };
		395BE3D8298BBA0500DCD96C /* Assets.xcassets */ = {isa = PBXFileReference; lastKnownFileType = folder.assetcatalog; path = Assets.xcassets; sourceTree = "<group>"; };
		395BE3DB298BBA0500DCD96C /* Base */ = {isa = PBXFileReference; lastKnownFileType = file.storyboard; name = Base; path = Base.lproj/LaunchScreen.storyboard; sourceTree = "<group>"; };
		395BE3DD298BBA0500DCD96C /* Info.plist */ = {isa = PBXFileReference; lastKnownFileType = text.plist.xml; path = Info.plist; sourceTree = "<group>"; };
		395BE3E9298BC19000DCD96C /* CompositionalLayoutHelpers.swift */ = {isa = PBXFileReference; lastKnownFileType = sourcecode.swift; path = CompositionalLayoutHelpers.swift; sourceTree = "<group>"; };
		395BE3EB298BC1F900DCD96C /* Extensions.swift */ = {isa = PBXFileReference; lastKnownFileType = sourcecode.swift; path = Extensions.swift; sourceTree = "<group>"; };
		395BE3ED298BC27300DCD96C /* NotesView.swift */ = {isa = PBXFileReference; lastKnownFileType = sourcecode.swift; path = NotesView.swift; sourceTree = "<group>"; };
		395BE3EF298BC30200DCD96C /* NotesViewViewModel.swift */ = {isa = PBXFileReference; lastKnownFileType = sourcecode.swift; path = NotesViewViewModel.swift; sourceTree = "<group>"; };
		395BE3F2298BD35300DCD96C /* NotesCollectionViewCell.swift */ = {isa = PBXFileReference; lastKnownFileType = sourcecode.swift; path = NotesCollectionViewCell.swift; sourceTree = "<group>"; };
		395BE3F4298BD45C00DCD96C /* DefaultUIClasses.swift */ = {isa = PBXFileReference; lastKnownFileType = sourcecode.swift; path = DefaultUIClasses.swift; sourceTree = "<group>"; };
		395BE3F6298BD72B00DCD96C /* NoteDetailViewController.swift */ = {isa = PBXFileReference; lastKnownFileType = sourcecode.swift; path = NoteDetailViewController.swift; sourceTree = "<group>"; };
		395BE3FA298BD78F00DCD96C /* NoteDetailView.swift */ = {isa = PBXFileReference; lastKnownFileType = sourcecode.swift; path = NoteDetailView.swift; sourceTree = "<group>"; };
		395BE3FD298BD83400DCD96C /* NoteDetailViewViewModel.swift */ = {isa = PBXFileReference; lastKnownFileType = sourcecode.swift; path = NoteDetailViewViewModel.swift; sourceTree = "<group>"; };
		395BE3FF298C099600DCD96C /* NoteTextModel.swift */ = {isa = PBXFileReference; lastKnownFileType = sourcecode.swift; path = NoteTextModel.swift; sourceTree = "<group>"; };
		395BE401298D0BC900DCD96C /* UserDefaultsManager.swift */ = {isa = PBXFileReference; lastKnownFileType = sourcecode.swift; path = UserDefaultsManager.swift; sourceTree = "<group>"; };
		395BE403298E7B5A00DCD96C /* CustomDate.swift */ = {isa = PBXFileReference; lastKnownFileType = sourcecode.swift; path = CustomDate.swift; sourceTree = "<group>"; };
		395BE407298FB59E00DCD96C /* ChangeFontViewController.swift */ = {isa = PBXFileReference; lastKnownFileType = sourcecode.swift; path = ChangeFontViewController.swift; sourceTree = "<group>"; };
		395BE409298FBB7A00DCD96C /* ChangeSizeViewController.swift */ = {isa = PBXFileReference; lastKnownFileType = sourcecode.swift; path = ChangeSizeViewController.swift; sourceTree = "<group>"; };
		395BE40C298FBC6600DCD96C /* ChangeFontView.swift */ = {isa = PBXFileReference; lastKnownFileType = sourcecode.swift; path = ChangeFontView.swift; sourceTree = "<group>"; };
		395BE40F298FBD1D00DCD96C /* ChangeFontViewViewModel.swift */ = {isa = PBXFileReference; lastKnownFileType = sourcecode.swift; path = ChangeFontViewViewModel.swift; sourceTree = "<group>"; };
		395BE4112990FF7600DCD96C /* ChangeSizeView.swift */ = {isa = PBXFileReference; lastKnownFileType = sourcecode.swift; path = ChangeSizeView.swift; sourceTree = "<group>"; };
		395BE4132991023400DCD96C /* ChangeSizeViewViewModel.swift */ = {isa = PBXFileReference; lastKnownFileType = sourcecode.swift; path = ChangeSizeViewViewModel.swift; sourceTree = "<group>"; };
		395BE415299145FA00DCD96C /* ChangeParametersViewController.swift */ = {isa = PBXFileReference; lastKnownFileType = sourcecode.swift; path = ChangeParametersViewController.swift; sourceTree = "<group>"; };
		395BE4172991461B00DCD96C /* ChangeParametersView.swift */ = {isa = PBXFileReference; lastKnownFileType = sourcecode.swift; path = ChangeParametersView.swift; sourceTree = "<group>"; };
		395BE4192991462400DCD96C /* ChangeParametersViewViewModel.swift */ = {isa = PBXFileReference; lastKnownFileType = sourcecode.swift; path = ChangeParametersViewViewModel.swift; sourceTree = "<group>"; };
/* End PBXFileReference section */

/* Begin PBXFrameworksBuildPhase section */
		395BE3C6298BBA0400DCD96C /* Frameworks */ = {
			isa = PBXFrameworksBuildPhase;
			buildActionMask = 2147483647;
			files = (
			);
			runOnlyForDeploymentPostprocessing = 0;
		};
/* End PBXFrameworksBuildPhase section */

/* Begin PBXGroup section */
		395BE3C0298BBA0400DCD96C = {
			isa = PBXGroup;
			children = (
				395BE3CB298BBA0400DCD96C /* Notes */,
				395BE3CA298BBA0400DCD96C /* Products */,
			);
			sourceTree = "<group>";
		};
		395BE3CA298BBA0400DCD96C /* Products */ = {
			isa = PBXGroup;
			children = (
				395BE3C9298BBA0400DCD96C /* Notes.app */,
			);
			name = Products;
			sourceTree = "<group>";
		};
		395BE3CB298BBA0400DCD96C /* Notes */ = {
			isa = PBXGroup;
			children = (
				395BE3E3298BBBFD00DCD96C /* Controllers */,
				395BE3E4298BBC0900DCD96C /* ViewModels */,
				395BE3E6298BBC4B00DCD96C /* Models */,
				395BE3E5298BBC1200DCD96C /* Views */,
				395BE3E7298BBC5200DCD96C /* Managers */,
				395BE3E8298BBCB500DCD96C /* Resources */,
				395BE3D5298BBA0400DCD96C /* Notes.xcdatamodeld */,
			);
			path = Notes;
			sourceTree = "<group>";
		};
		395BE3E3298BBBFD00DCD96C /* Controllers */ = {
			isa = PBXGroup;
			children = (
				395BE405298FB56C00DCD96C /* Core */,
				395BE406298FB57700DCD96C /* MenuControllers */,
			);
			path = Controllers;
			sourceTree = "<group>";
		};
		395BE3E4298BBC0900DCD96C /* ViewModels */ = {
			isa = PBXGroup;
			children = (
				395BE3FC298BD82900DCD96C /* NoteDetail */,
				395BE3F8298BD74B00DCD96C /* Notes */,
				395BE40E298FBD0600DCD96C /* Menu */,
			);
			path = ViewModels;
			sourceTree = "<group>";
		};
		395BE3E5298BBC1200DCD96C /* Views */ = {
			isa = PBXGroup;
			children = (
				395BE3F9298BD75E00DCD96C /* NoteDetail */,
				395BE3F1298BD33E00DCD96C /* Notes */,
				395BE40B298FBC4B00DCD96C /* MenuViews */,
			);
			path = Views;
			sourceTree = "<group>";
		};
		395BE3E6298BBC4B00DCD96C /* Models */ = {
			isa = PBXGroup;
			children = (
				395BE3FF298C099600DCD96C /* NoteTextModel.swift */,
			);
			path = Models;
			sourceTree = "<group>";
		};
		395BE3E7298BBC5200DCD96C /* Managers */ = {
			isa = PBXGroup;
			children = (
				395BE3E9298BC19000DCD96C /* CompositionalLayoutHelpers.swift */,
				395BE3EB298BC1F900DCD96C /* Extensions.swift */,
				395BE3F4298BD45C00DCD96C /* DefaultUIClasses.swift */,
				395BE401298D0BC900DCD96C /* UserDefaultsManager.swift */,
				395BE403298E7B5A00DCD96C /* CustomDate.swift */,
			);
			path = Managers;
			sourceTree = "<group>";
		};
		395BE3E8298BBCB500DCD96C /* Resources */ = {
			isa = PBXGroup;
			children = (
				395BE3CC298BBA0400DCD96C /* AppDelegate.swift */,
				395BE3CE298BBA0400DCD96C /* SceneDelegate.swift */,
				395BE3D8298BBA0500DCD96C /* Assets.xcassets */,
				395BE3DA298BBA0500DCD96C /* LaunchScreen.storyboard */,
				395BE3DD298BBA0500DCD96C /* Info.plist */,
			);
			path = Resources;
			sourceTree = "<group>";
		};
		395BE3F1298BD33E00DCD96C /* Notes */ = {
			isa = PBXGroup;
			children = (
				395BE3ED298BC27300DCD96C /* NotesView.swift */,
				395BE3F2298BD35300DCD96C /* NotesCollectionViewCell.swift */,
			);
			path = Notes;
			sourceTree = "<group>";
		};
		395BE3F8298BD74B00DCD96C /* Notes */ = {
			isa = PBXGroup;
			children = (
				395BE3EF298BC30200DCD96C /* NotesViewViewModel.swift */,
			);
			path = Notes;
			sourceTree = "<group>";
		};
		395BE3F9298BD75E00DCD96C /* NoteDetail */ = {
			isa = PBXGroup;
			children = (
				395BE3FA298BD78F00DCD96C /* NoteDetailView.swift */,
			);
			path = NoteDetail;
			sourceTree = "<group>";
		};
		395BE3FC298BD82900DCD96C /* NoteDetail */ = {
			isa = PBXGroup;
			children = (
				395BE3FD298BD83400DCD96C /* NoteDetailViewViewModel.swift */,
			);
			path = NoteDetail;
			sourceTree = "<group>";
		};
		395BE405298FB56C00DCD96C /* Core */ = {
			isa = PBXGroup;
			children = (
				395BE3D0298BBA0400DCD96C /* NotesViewController.swift */,
				395BE3F6298BD72B00DCD96C /* NoteDetailViewController.swift */,
			);
			path = Core;
			sourceTree = "<group>";
		};
		395BE406298FB57700DCD96C /* MenuControllers */ = {
			isa = PBXGroup;
			children = (
				395BE407298FB59E00DCD96C /* ChangeFontViewController.swift */,
				395BE409298FBB7A00DCD96C /* ChangeSizeViewController.swift */,
				395BE415299145FA00DCD96C /* ChangeParametersViewController.swift */,
			);
			path = MenuControllers;
			sourceTree = "<group>";
		};
		395BE40B298FBC4B00DCD96C /* MenuViews */ = {
			isa = PBXGroup;
			children = (
				395BE40C298FBC6600DCD96C /* ChangeFontView.swift */,
				395BE4112990FF7600DCD96C /* ChangeSizeView.swift */,
				395BE4172991461B00DCD96C /* ChangeParametersView.swift */,
			);
			path = MenuViews;
			sourceTree = "<group>";
		};
		395BE40E298FBD0600DCD96C /* Menu */ = {
			isa = PBXGroup;
			children = (
				395BE40F298FBD1D00DCD96C /* ChangeFontViewViewModel.swift */,
				395BE4132991023400DCD96C /* ChangeSizeViewViewModel.swift */,
				395BE4192991462400DCD96C /* ChangeParametersViewViewModel.swift */,
			);
			path = Menu;
			sourceTree = "<group>";
		};
/* End PBXGroup section */

/* Begin PBXNativeTarget section */
		395BE3C8298BBA0400DCD96C /* Notes */ = {
			isa = PBXNativeTarget;
			buildConfigurationList = 395BE3E0298BBA0500DCD96C /* Build configuration list for PBXNativeTarget "Notes" */;
			buildPhases = (
				395BE3C5298BBA0400DCD96C /* Sources */,
				395BE3C6298BBA0400DCD96C /* Frameworks */,
				395BE3C7298BBA0400DCD96C /* Resources */,
			);
			buildRules = (
			);
			dependencies = (
			);
			name = Notes;
			productName = Notes;
			productReference = 395BE3C9298BBA0400DCD96C /* Notes.app */;
			productType = "com.apple.product-type.application";
		};
/* End PBXNativeTarget section */

/* Begin PBXProject section */
		395BE3C1298BBA0400DCD96C /* Project object */ = {
			isa = PBXProject;
			attributes = {
				BuildIndependentTargetsInParallel = 1;
				LastSwiftUpdateCheck = 1420;
				LastUpgradeCheck = 1420;
				TargetAttributes = {
					395BE3C8298BBA0400DCD96C = {
						CreatedOnToolsVersion = 14.2;
					};
				};
			};
			buildConfigurationList = 395BE3C4298BBA0400DCD96C /* Build configuration list for PBXProject "Notes" */;
			compatibilityVersion = "Xcode 14.0";
			developmentRegion = en;
			hasScannedForEncodings = 0;
			knownRegions = (
				en,
				Base,
			);
			mainGroup = 395BE3C0298BBA0400DCD96C;
			productRefGroup = 395BE3CA298BBA0400DCD96C /* Products */;
			projectDirPath = "";
			projectRoot = "";
			targets = (
				395BE3C8298BBA0400DCD96C /* Notes */,
			);
		};
/* End PBXProject section */

/* Begin PBXResourcesBuildPhase section */
		395BE3C7298BBA0400DCD96C /* Resources */ = {
			isa = PBXResourcesBuildPhase;
			buildActionMask = 2147483647;
			files = (
				395BE3DC298BBA0500DCD96C /* LaunchScreen.storyboard in Resources */,
				395BE3D9298BBA0500DCD96C /* Assets.xcassets in Resources */,
			);
			runOnlyForDeploymentPostprocessing = 0;
		};
/* End PBXResourcesBuildPhase section */

/* Begin PBXSourcesBuildPhase section */
		395BE3C5298BBA0400DCD96C /* Sources */ = {
			isa = PBXSourcesBuildPhase;
			buildActionMask = 2147483647;
			files = (
				395BE41A2991462400DCD96C /* ChangeParametersViewViewModel.swift in Sources */,
				395BE4122990FF7600DCD96C /* ChangeSizeView.swift in Sources */,
				395BE3EE298BC27300DCD96C /* NotesView.swift in Sources */,
				395BE4182991461B00DCD96C /* ChangeParametersView.swift in Sources */,
				395BE3D1298BBA0400DCD96C /* NotesViewController.swift in Sources */,
				395BE408298FB59E00DCD96C /* ChangeFontViewController.swift in Sources */,
				395BE3F7298BD72B00DCD96C /* NoteDetailViewController.swift in Sources */,
				395BE3FB298BD78F00DCD96C /* NoteDetailView.swift in Sources */,
				395BE404298E7B5A00DCD96C /* CustomDate.swift in Sources */,
				395BE3EC298BC1F900DCD96C /* Extensions.swift in Sources */,
				395BE3F0298BC30200DCD96C /* NotesViewViewModel.swift in Sources */,
				395BE416299145FA00DCD96C /* ChangeParametersViewController.swift in Sources */,
				395BE3CD298BBA0400DCD96C /* AppDelegate.swift in Sources */,
				395BE40A298FBB7A00DCD96C /* ChangeSizeViewController.swift in Sources */,
				395BE3EA298BC19000DCD96C /* CompositionalLayoutHelpers.swift in Sources */,
				395BE3F5298BD45C00DCD96C /* DefaultUIClasses.swift in Sources */,
				395BE410298FBD1D00DCD96C /* ChangeFontViewViewModel.swift in Sources */,
				395BE3CF298BBA0400DCD96C /* SceneDelegate.swift in Sources */,
				395BE3FE298BD83400DCD96C /* NoteDetailViewViewModel.swift in Sources */,
				395BE402298D0BC900DCD96C /* UserDefaultsManager.swift in Sources */,
				395BE3F3298BD35300DCD96C /* NotesCollectionViewCell.swift in Sources */,
				395BE400298C099600DCD96C /* NoteTextModel.swift in Sources */,
				395BE3D7298BBA0400DCD96C /* Notes.xcdatamodeld in Sources */,
				395BE4142991023400DCD96C /* ChangeSizeViewViewModel.swift in Sources */,
				395BE40D298FBC6600DCD96C /* ChangeFontView.swift in Sources */,
			);
			runOnlyForDeploymentPostprocessing = 0;
		};
/* End PBXSourcesBuildPhase section */

/* Begin PBXVariantGroup section */
		395BE3DA298BBA0500DCD96C /* LaunchScreen.storyboard */ = {
			isa = PBXVariantGroup;
			children = (
				395BE3DB298BBA0500DCD96C /* Base */,
			);
			name = LaunchScreen.storyboard;
			sourceTree = "<group>";
		};
/* End PBXVariantGroup section */

/* Begin XCBuildConfiguration section */
		395BE3DE298BBA0500DCD96C /* Debug */ = {
			isa = XCBuildConfiguration;
			buildSettings = {
				ALWAYS_SEARCH_USER_PATHS = NO;
				CLANG_ANALYZER_NONNULL = YES;
				CLANG_ANALYZER_NUMBER_OBJECT_CONVERSION = YES_AGGRESSIVE;
				CLANG_CXX_LANGUAGE_STANDARD = "gnu++20";
				CLANG_ENABLE_MODULES = YES;
				CLANG_ENABLE_OBJC_ARC = YES;
				CLANG_ENABLE_OBJC_WEAK = YES;
				CLANG_WARN_BLOCK_CAPTURE_AUTORELEASING = YES;
				CLANG_WARN_BOOL_CONVERSION = YES;
				CLANG_WARN_COMMA = YES;
				CLANG_WARN_CONSTANT_CONVERSION = YES;
				CLANG_WARN_DEPRECATED_OBJC_IMPLEMENTATIONS = YES;
				CLANG_WARN_DIRECT_OBJC_ISA_USAGE = YES_ERROR;
				CLANG_WARN_DOCUMENTATION_COMMENTS = YES;
				CLANG_WARN_EMPTY_BODY = YES;
				CLANG_WARN_ENUM_CONVERSION = YES;
				CLANG_WARN_INFINITE_RECURSION = YES;
				CLANG_WARN_INT_CONVERSION = YES;
				CLANG_WARN_NON_LITERAL_NULL_CONVERSION = YES;
				CLANG_WARN_OBJC_IMPLICIT_RETAIN_SELF = YES;
				CLANG_WARN_OBJC_LITERAL_CONVERSION = YES;
				CLANG_WARN_OBJC_ROOT_CLASS = YES_ERROR;
				CLANG_WARN_QUOTED_INCLUDE_IN_FRAMEWORK_HEADER = YES;
				CLANG_WARN_RANGE_LOOP_ANALYSIS = YES;
				CLANG_WARN_STRICT_PROTOTYPES = YES;
				CLANG_WARN_SUSPICIOUS_MOVE = YES;
				CLANG_WARN_UNGUARDED_AVAILABILITY = YES_AGGRESSIVE;
				CLANG_WARN_UNREACHABLE_CODE = YES;
				CLANG_WARN__DUPLICATE_METHOD_MATCH = YES;
				COPY_PHASE_STRIP = NO;
				DEBUG_INFORMATION_FORMAT = dwarf;
				ENABLE_STRICT_OBJC_MSGSEND = YES;
				ENABLE_TESTABILITY = YES;
				GCC_C_LANGUAGE_STANDARD = gnu11;
				GCC_DYNAMIC_NO_PIC = NO;
				GCC_NO_COMMON_BLOCKS = YES;
				GCC_OPTIMIZATION_LEVEL = 0;
				GCC_PREPROCESSOR_DEFINITIONS = (
					"DEBUG=1",
					"$(inherited)",
				);
				GCC_WARN_64_TO_32_BIT_CONVERSION = YES;
				GCC_WARN_ABOUT_RETURN_TYPE = YES_ERROR;
				GCC_WARN_UNDECLARED_SELECTOR = YES;
				GCC_WARN_UNINITIALIZED_AUTOS = YES_AGGRESSIVE;
				GCC_WARN_UNUSED_FUNCTION = YES;
				GCC_WARN_UNUSED_VARIABLE = YES;
				IPHONEOS_DEPLOYMENT_TARGET = 16.2;
				MTL_ENABLE_DEBUG_INFO = INCLUDE_SOURCE;
				MTL_FAST_MATH = YES;
				ONLY_ACTIVE_ARCH = YES;
				SDKROOT = iphoneos;
				SWIFT_ACTIVE_COMPILATION_CONDITIONS = DEBUG;
				SWIFT_OPTIMIZATION_LEVEL = "-Onone";
			};
			name = Debug;
		};
		395BE3DF298BBA0500DCD96C /* Release */ = {
			isa = XCBuildConfiguration;
			buildSettings = {
				ALWAYS_SEARCH_USER_PATHS = NO;
				CLANG_ANALYZER_NONNULL = YES;
				CLANG_ANALYZER_NUMBER_OBJECT_CONVERSION = YES_AGGRESSIVE;
				CLANG_CXX_LANGUAGE_STANDARD = "gnu++20";
				CLANG_ENABLE_MODULES = YES;
				CLANG_ENABLE_OBJC_ARC = YES;
				CLANG_ENABLE_OBJC_WEAK = YES;
				CLANG_WARN_BLOCK_CAPTURE_AUTORELEASING = YES;
				CLANG_WARN_BOOL_CONVERSION = YES;
				CLANG_WARN_COMMA = YES;
				CLANG_WARN_CONSTANT_CONVERSION = YES;
				CLANG_WARN_DEPRECATED_OBJC_IMPLEMENTATIONS = YES;
				CLANG_WARN_DIRECT_OBJC_ISA_USAGE = YES_ERROR;
				CLANG_WARN_DOCUMENTATION_COMMENTS = YES;
				CLANG_WARN_EMPTY_BODY = YES;
				CLANG_WARN_ENUM_CONVERSION = YES;
				CLANG_WARN_INFINITE_RECURSION = YES;
				CLANG_WARN_INT_CONVERSION = YES;
				CLANG_WARN_NON_LITERAL_NULL_CONVERSION = YES;
				CLANG_WARN_OBJC_IMPLICIT_RETAIN_SELF = YES;
				CLANG_WARN_OBJC_LITERAL_CONVERSION = YES;
				CLANG_WARN_OBJC_ROOT_CLASS = YES_ERROR;
				CLANG_WARN_QUOTED_INCLUDE_IN_FRAMEWORK_HEADER = YES;
				CLANG_WARN_RANGE_LOOP_ANALYSIS = YES;
				CLANG_WARN_STRICT_PROTOTYPES = YES;
				CLANG_WARN_SUSPICIOUS_MOVE = YES;
				CLANG_WARN_UNGUARDED_AVAILABILITY = YES_AGGRESSIVE;
				CLANG_WARN_UNREACHABLE_CODE = YES;
				CLANG_WARN__DUPLICATE_METHOD_MATCH = YES;
				COPY_PHASE_STRIP = NO;
				DEBUG_INFORMATION_FORMAT = "dwarf-with-dsym";
				ENABLE_NS_ASSERTIONS = NO;
				ENABLE_STRICT_OBJC_MSGSEND = YES;
				GCC_C_LANGUAGE_STANDARD = gnu11;
				GCC_NO_COMMON_BLOCKS = YES;
				GCC_WARN_64_TO_32_BIT_CONVERSION = YES;
				GCC_WARN_ABOUT_RETURN_TYPE = YES_ERROR;
				GCC_WARN_UNDECLARED_SELECTOR = YES;
				GCC_WARN_UNINITIALIZED_AUTOS = YES_AGGRESSIVE;
				GCC_WARN_UNUSED_FUNCTION = YES;
				GCC_WARN_UNUSED_VARIABLE = YES;
				IPHONEOS_DEPLOYMENT_TARGET = 16.2;
				MTL_ENABLE_DEBUG_INFO = NO;
				MTL_FAST_MATH = YES;
				SDKROOT = iphoneos;
				SWIFT_COMPILATION_MODE = wholemodule;
				SWIFT_OPTIMIZATION_LEVEL = "-O";
				VALIDATE_PRODUCT = YES;
			};
			name = Release;
		};
		395BE3E1298BBA0500DCD96C /* Debug */ = {
			isa = XCBuildConfiguration;
			buildSettings = {
				ASSETCATALOG_COMPILER_APPICON_NAME = AppIcon;
				ASSETCATALOG_COMPILER_GLOBAL_ACCENT_COLOR_NAME = AccentColor;
				CODE_SIGN_STYLE = Automatic;
				CURRENT_PROJECT_VERSION = 1;
				DEVELOPMENT_TEAM = Z77PMGH233;
				GENERATE_INFOPLIST_FILE = YES;
				INFOPLIST_FILE = Notes/Resources/Info.plist;
				INFOPLIST_KEY_CFBundleDisplayName = Notes;
				INFOPLIST_KEY_LSApplicationCategoryType = "public.app-category.education";
				INFOPLIST_KEY_UIApplicationSupportsIndirectInputEvents = YES;
				INFOPLIST_KEY_UILaunchStoryboardName = LaunchScreen;
				INFOPLIST_KEY_UISupportedInterfaceOrientations = UIInterfaceOrientationPortrait;
				INFOPLIST_KEY_UISupportedInterfaceOrientations_iPad = "UIInterfaceOrientationLandscapeLeft UIInterfaceOrientationLandscapeRight UIInterfaceOrientationPortrait UIInterfaceOrientationPortraitUpsideDown";
				IPHONEOS_DEPLOYMENT_TARGET = 15.0;
				LD_RUNPATH_SEARCH_PATHS = (
					"$(inherited)",
					"@executable_path/Frameworks",
				);
				MARKETING_VERSION = 1.0;
				PRODUCT_BUNDLE_IDENTIFIER = com.artemvorobev.Notes;
				PRODUCT_NAME = "$(TARGET_NAME)";
				SUPPORTED_PLATFORMS = "iphoneos iphonesimulator";
				SUPPORTS_MACCATALYST = NO;
				SUPPORTS_MAC_DESIGNED_FOR_IPHONE_IPAD = NO;
				SWIFT_EMIT_LOC_STRINGS = YES;
				SWIFT_VERSION = 5.0;
				TARGETED_DEVICE_FAMILY = 1;
			};
			name = Debug;
		};
		395BE3E2298BBA0500DCD96C /* Release */ = {
			isa = XCBuildConfiguration;
			buildSettings = {
				ASSETCATALOG_COMPILER_APPICON_NAME = AppIcon;
				ASSETCATALOG_COMPILER_GLOBAL_ACCENT_COLOR_NAME = AccentColor;
				CODE_SIGN_STYLE = Automatic;
				CURRENT_PROJECT_VERSION = 1;
				DEVELOPMENT_TEAM = Z77PMGH233;
				GENERATE_INFOPLIST_FILE = YES;
				INFOPLIST_FILE = Notes/Resources/Info.plist;
				INFOPLIST_KEY_CFBundleDisplayName = Notes;
				INFOPLIST_KEY_LSApplicationCategoryType = "public.app-category.education";
				INFOPLIST_KEY_UIApplicationSupportsIndirectInputEvents = YES;
				INFOPLIST_KEY_UILaunchStoryboardName = LaunchScreen;
				INFOPLIST_KEY_UISupportedInterfaceOrientations = UIInterfaceOrientationPortrait;
				INFOPLIST_KEY_UISupportedInterfaceOrientations_iPad = "UIInterfaceOrientationLandscapeLeft UIInterfaceOrientationLandscapeRight UIInterfaceOrientationPortrait UIInterfaceOrientationPortraitUpsideDown";
				IPHONEOS_DEPLOYMENT_TARGET = 15.0;
				LD_RUNPATH_SEARCH_PATHS = (
					"$(inherited)",
					"@executable_path/Frameworks",
				);
				MARKETING_VERSION = 1.0;
				PRODUCT_BUNDLE_IDENTIFIER = com.artemvorobev.Notes;
				PRODUCT_NAME = "$(TARGET_NAME)";
				SUPPORTED_PLATFORMS = "iphoneos iphonesimulator";
				SUPPORTS_MACCATALYST = NO;
				SUPPORTS_MAC_DESIGNED_FOR_IPHONE_IPAD = NO;
				SWIFT_EMIT_LOC_STRINGS = YES;
				SWIFT_VERSION = 5.0;
				TARGETED_DEVICE_FAMILY = 1;
			};
			name = Release;
		};
/* End XCBuildConfiguration section */

/* Begin XCConfigurationList section */
		395BE3C4298BBA0400DCD96C /* Build configuration list for PBXProject "Notes" */ = {
			isa = XCConfigurationList;
			buildConfigurations = (
				395BE3DE298BBA0500DCD96C /* Debug */,
				395BE3DF298BBA0500DCD96C /* Release */,
			);
			defaultConfigurationIsVisible = 0;
			defaultConfigurationName = Release;
		};
		395BE3E0298BBA0500DCD96C /* Build configuration list for PBXNativeTarget "Notes" */ = {
			isa = XCConfigurationList;
			buildConfigurations = (
				395BE3E1298BBA0500DCD96C /* Debug */,
				395BE3E2298BBA0500DCD96C /* Release */,
			);
			defaultConfigurationIsVisible = 0;
			defaultConfigurationName = Release;
		};
/* End XCConfigurationList section */

/* Begin XCVersionGroup section */
		395BE3D5298BBA0400DCD96C /* Notes.xcdatamodeld */ = {
			isa = XCVersionGroup;
			children = (
				395BE3D6298BBA0400DCD96C /* Notes.xcdatamodel */,
			);
			currentVersion = 395BE3D6298BBA0400DCD96C /* Notes.xcdatamodel */;
			path = Notes.xcdatamodeld;
			sourceTree = "<group>";
			versionGroupType = wrapper.xcdatamodel;
		};
/* End XCVersionGroup section */
	};
	rootObject = 395BE3C1298BBA0400DCD96C /* Project object */;
}
